
Microsoft Visual Studio Solution File, Format Version 12.00
# Visual Studio Version 17
VisualStudioVersion = 17.4.33205.214
MinimumVisualStudioVersion = 10.0.40219.1
Project("{9A19103F-16F7-4668-BE54-9A1E7A4F7556}") = "Web.API-Versioning", "Web.API-Versioning\Web.API-Versioning.csproj", "{3978EC38-1CE4-494F-9609-E7CE0F36C9BE}"
EndProject
Project("{FAE04EC0-301F-11D3-BF4B-00C04F79EFBC}") = "Web.API.PkgVersioning", "Web.API.PkgVersioning\Web.API.PkgVersioning.csproj", "{75BC6575-8CC1-488C-8BB8-1DBA49CA9F79}"
EndProject
Global
	GlobalSection(SolutionConfigurationPlatforms) = preSolution
		Debug|Any CPU = Debug|Any CPU
		Release|Any CPU = Release|Any CPU
	EndGlobalSection
	GlobalSection(ProjectConfigurationPlatforms) = postSolution
		{3978EC38-1CE4-494F-9609-E7CE0F36C9BE}.Debug|Any CPU.ActiveCfg = Debug|Any CPU
		{3978EC38-1CE4-494F-9609-E7CE0F36C9BE}.Debug|Any CPU.Build.0 = Debug|Any CPU
		{3978EC38-1CE4-494F-9609-E7CE0F36C9BE}.Release|Any CPU.ActiveCfg = Release|Any CPU
		{3978EC38-1CE4-494F-9609-E7CE0F36C9BE}.Release|Any CPU.Build.0 = Release|Any CPU
		{75BC6575-8CC1-488C-8BB8-1DBA49CA9F79}.Debug|Any CPU.ActiveCfg = Debug|Any CPU
		{75BC6575-8CC1-488C-8BB8-1DBA49CA9F79}.Debug|Any CPU.Build.0 = Debug|Any CPU
		{75BC6575-8CC1-488C-8BB8-1DBA49CA9F79}.Release|Any CPU.ActiveCfg = Release|Any CPU
		{75BC6575-8CC1-488C-8BB8-1DBA49CA9F79}.Release|Any CPU.Build.0 = Release|Any CPU
	EndGlobalSection
	GlobalSection(SolutionProperties) = preSolution
		HideSolutionNode = FALSE
	EndGlobalSection
	GlobalSection(ExtensibilityGlobals) = postSolution
		SolutionGuid = {3FF3A54E-A2ED-4BA0-BBA3-EFDA84340F13}
	EndGlobalSection
EndGlobal
